
Microsoft Visual Studio Solution File, Format Version 12.00
# Visual Studio Version 17
VisualStudioVersion = 17.0.31903.59
MinimumVisualStudioVersion = 10.0.40219.1
Project("{FAE04EC0-301F-11D3-BF4B-00C04F79EFBC}") = "_build", "_build\_build.csproj", "{41FF0769-3FD6-4D0C-A0A8-47036ABB28AB}"
EndProject
Project("{9092AA53-FB77-4645-B42D-1CCCA6BD08BD}") = "module.web", "module.web\module.web.njsproj", "{261A4ADA-0213-4989-9D0A-761FC6EC1574}"
EndProject
Project("{FAE04EC0-301F-11D3-BF4B-00C04F79EFBC}") = "UnitTests", "UnitTests\UnitTests.csproj", "{745843B0-F86F-4CE1-BE21-E6FBCFE167DC}"
EndProject
Project("{FAE04EC0-301F-11D3-BF4B-00C04F79EFBC}") = "IntegrationTests", "IntegrationTests\IntegrationTests.csproj", "{71A94484-BE72-4864-AEC0-B42E766313BF}"
EndProject
Project("{FAE04EC0-301F-11D3-BF4B-00C04F79EFBC}") = "Module", "Module.csproj", "{724D7DD8-3FE4-4BE2-8F29-09DCF2285F58}"
EndProject
Global
	GlobalSection(SolutionConfigurationPlatforms) = preSolution
		Debug|Any CPU = Debug|Any CPU
		Release|Any CPU = Release|Any CPU
	EndGlobalSection
	GlobalSection(ProjectConfigurationPlatforms) = postSolution
		{41FF0769-3FD6-4D0C-A0A8-47036ABB28AB}.Debug|Any CPU.ActiveCfg = Debug|Any CPU
		{41FF0769-3FD6-4D0C-A0A8-47036ABB28AB}.Debug|Any CPU.Build.0 = Debug|Any CPU
		{41FF0769-3FD6-4D0C-A0A8-47036ABB28AB}.Release|Any CPU.ActiveCfg = Release|Any CPU
		{41FF0769-3FD6-4D0C-A0A8-47036ABB28AB}.Release|Any CPU.Build.0 = Release|Any CPU
		{261A4ADA-0213-4989-9D0A-761FC6EC1574}.Debug|Any CPU.ActiveCfg = Release|Any CPU
		{261A4ADA-0213-4989-9D0A-761FC6EC1574}.Release|Any CPU.ActiveCfg = Release|Any CPU
		{261A4ADA-0213-4989-9D0A-761FC6EC1574}.Release|Any CPU.Build.0 = Release|Any CPU
		{745843B0-F86F-4CE1-BE21-E6FBCFE167DC}.Debug|Any CPU.ActiveCfg = Debug|Any CPU
		{745843B0-F86F-4CE1-BE21-E6FBCFE167DC}.Debug|Any CPU.Build.0 = Debug|Any CPU
		{745843B0-F86F-4CE1-BE21-E6FBCFE167DC}.Release|Any CPU.ActiveCfg = Release|Any CPU
		{745843B0-F86F-4CE1-BE21-E6FBCFE167DC}.Release|Any CPU.Build.0 = Release|Any CPU
		{71A94484-BE72-4864-AEC0-B42E766313BF}.Debug|Any CPU.ActiveCfg = Debug|Any CPU
		{71A94484-BE72-4864-AEC0-B42E766313BF}.Debug|Any CPU.Build.0 = Debug|Any CPU
		{71A94484-BE72-4864-AEC0-B42E766313BF}.Release|Any CPU.ActiveCfg = Release|Any CPU
		{71A94484-BE72-4864-AEC0-B42E766313BF}.Release|Any CPU.Build.0 = Release|Any CPU
		{724D7DD8-3FE4-4BE2-8F29-09DCF2285F58}.Debug|Any CPU.ActiveCfg = Debug|Any CPU
		{724D7DD8-3FE4-4BE2-8F29-09DCF2285F58}.Debug|Any CPU.Build.0 = Debug|Any CPU
		{724D7DD8-3FE4-4BE2-8F29-09DCF2285F58}.Release|Any CPU.ActiveCfg = Release|Any CPU
		{724D7DD8-3FE4-4BE2-8F29-09DCF2285F58}.Release|Any CPU.Build.0 = Release|Any CPU
	EndGlobalSection
	GlobalSection(SolutionProperties) = preSolution
		HideSolutionNode = FALSE
	EndGlobalSection
	GlobalSection(ExtensibilityGlobals) = postSolution
		SolutionGuid = {6F43626E-C787-427D-B347-75CFFFE2DA62}
	EndGlobalSection
EndGlobal
